PODS:
  - BECollectionView (0.1.0):
    - PureLayout
    - RxCocoa
  - ListPlaceholder (1.4)
  - PureLayout (3.1.7)
  - RxCocoa (6.1.0):
    - RxRelay (= 6.1.0)
    - RxSwift (= 6.1.0)
  - RxRelay (6.1.0):
    - RxSwift (= 6.1.0)
  - RxSwift (6.1.0)

DEPENDENCIES:
  - BECollectionView (from `../`)
  - ListPlaceholder
  - PureLayout

SPEC REPOS:
  trunk:
    - ListPlaceholder
    - PureLayout
    - RxCocoa
    - RxRelay
    - RxSwift

EXTERNAL SOURCES:
  BECollectionView:
    :path: "../"

SPEC CHECKSUMS:
  BECollectionView: 9120725dd693271cef287447e3d1aa844f77535f
  ListPlaceholder: 08ddaddf67520a20fc52cf37160fb56aa64d071d
  PureLayout: e9e5921347547e1068333f3149e737c972cb6037
  RxCocoa: 5c51f02d562cbd94629f6c26cf0c80fe4ab8d343
  RxRelay: 483e1a19fad961b41f0b0c0bee506f46c1ae14fe
  RxSwift: a834e5c538e89eca0cae86f403f4fbf0336786ce

PODFILE CHECKSUM: 54d93f945a551831440d38eb38ae58c646b50f79

COCOAPODS: 1.10.1
