{
  "object": {
    "pins": [
      {
        "package": "ListPlaceholder",
        "repositoryURL": "https://github.com/malkouz/ListPlaceholder",
        "state": {
          "branch": "master",
          "revision": "34f6675cdb072b9abf4b2c5547a4d2de622a5928",
          "version": null
        }
      },
      {
        "package": "PureLayout",
        "repositoryURL": "https://github.com/PureLayout/PureLayout",
        "state": {
          "branch": null,
          "revision": "5561683c96dc49b023c1299bfe4f6fbeed5f8199",
          "version": "3.1.9"
        }
      },
      {
        "package": "RxSwift",
        "repositoryURL": "https://github.com/ReactiveX/RxSwift.git",
        "state": {
          "branch": null,
          "revision": "b4307ba0b6425c0ba4178e138799946c3da594f8",
          "version": "6.5.0"
        }
      }
    ]
  },
  "version": 1
}
